
Microsoft Visual Studio Solution File, Format Version 12.00
# Visual Studio 2012
Project("{FAE04EC0-301F-11D3-BF4B-00C04F79EFBC}") = "DSC", "DSC\DSC.csproj", "{F42FCC43-94B8-4EE4-87EC-11C785D8F3BE}"
EndProject
Project("{2150E333-8FDC-42A3-9474-1A3956D46DE8}") = "TestFiles", "TestFiles", "{B8CB00A2-23FB-4ACF-8752-BAAA55BF3162}"
	ProjectSection(SolutionItems) = preProject
		TestFiles\ostc.dsc.test.xml = TestFiles\ostc.dsc.test.xml
	EndProjectSection
EndProject
Global
	GlobalSection(TeamFoundationVersionControl) = preSolution
		SccNumberOfProjects = 2
		SccEnterpriseProvider = {4CA58AB2-18FA-4F8D-95D4-32DDF27D184C}
		SccTeamFoundationServer = http://cdmvstf:8080/tfs/cdm
		SccLocalPath0 = .
		SccProjectUniqueName1 = DSC\\DSC.csproj
		SccProjectName1 = DSC
		SccLocalPath1 = DSC
	EndGlobalSection
	GlobalSection(SolutionConfigurationPlatforms) = preSolution
		Debug|Any CPU = Debug|Any CPU
		Release|Any CPU = Release|Any CPU
	EndGlobalSection
	GlobalSection(ProjectConfigurationPlatforms) = postSolution
		{F42FCC43-94B8-4EE4-87EC-11C785D8F3BE}.Debug|Any CPU.ActiveCfg = Debug|Any CPU
		{F42FCC43-94B8-4EE4-87EC-11C785D8F3BE}.Debug|Any CPU.Build.0 = Debug|Any CPU
		{F42FCC43-94B8-4EE4-87EC-11C785D8F3BE}.Release|Any CPU.ActiveCfg = Release|Any CPU
		{F42FCC43-94B8-4EE4-87EC-11C785D8F3BE}.Release|Any CPU.Build.0 = Release|Any CPU
	EndGlobalSection
	GlobalSection(SolutionProperties) = preSolution
		HideSolutionNode = FALSE
	EndGlobalSection
EndGlobal
